
Microsoft Visual Studio Solution File, Format Version 12.00
# Visual Studio 2013
VisualStudioVersion = 12.0.31101.0
MinimumVisualStudioVersion = 10.0.40219.1
Project("{FAE04EC0-301F-11D3-BF4B-00C04F79EFBC}") = "OctopusDeploy", "OctopusDeploy\OctopusDeploy.csproj", "{DE1C6F7C-AFA8-4790-BBD3-3A617D188DC4}"
EndProject
Project("{FAE04EC0-301F-11D3-BF4B-00C04F79EFBC}") = "OctopusDeploy.Tests", "..\..\..\Visual Studio 2013\Projects\OctopusDeploy\OctopusDeploy.Tests\OctopusDeploy.Tests.csproj", "{C667748A-5F3D-47AE-91C6-DD0E80B97177}"
EndProject
Global
	GlobalSection(SolutionConfigurationPlatforms) = preSolution
		Debug|Any CPU = Debug|Any CPU
		Release|Any CPU = Release|Any CPU
	EndGlobalSection
	GlobalSection(ProjectConfigurationPlatforms) = postSolution
		{DE1C6F7C-AFA8-4790-BBD3-3A617D188DC4}.Debug|Any CPU.ActiveCfg = Debug|Any CPU
		{DE1C6F7C-AFA8-4790-BBD3-3A617D188DC4}.Debug|Any CPU.Build.0 = Debug|Any CPU
		{DE1C6F7C-AFA8-4790-BBD3-3A617D188DC4}.Release|Any CPU.ActiveCfg = Release|Any CPU
		{DE1C6F7C-AFA8-4790-BBD3-3A617D188DC4}.Release|Any CPU.Build.0 = Release|Any CPU
		{C667748A-5F3D-47AE-91C6-DD0E80B97177}.Debug|Any CPU.ActiveCfg = Debug|Any CPU
		{C667748A-5F3D-47AE-91C6-DD0E80B97177}.Debug|Any CPU.Build.0 = Debug|Any CPU
		{C667748A-5F3D-47AE-91C6-DD0E80B97177}.Release|Any CPU.ActiveCfg = Release|Any CPU
		{C667748A-5F3D-47AE-91C6-DD0E80B97177}.Release|Any CPU.Build.0 = Release|Any CPU
	EndGlobalSection
	GlobalSection(SolutionProperties) = preSolution
		HideSolutionNode = FALSE
	EndGlobalSection
EndGlobal
